
Microsoft Visual Studio Solution File, Format Version 12.00
# Visual Studio 15
VisualStudioVersion = 15.0.26730.12
MinimumVisualStudioVersion = 10.0.40219.1
Project("{EDCC3B85-0BAD-11DB-BC1A-00112FDE8B61}") = "NLiquid", "NLiquid\NLiquid.nproj", "{389A86BE-7C04-4308-976A-A494AD187D83}"
EndProject
Project("{FAE04EC0-301F-11D3-BF4B-00C04F79EFBC}") = "NLiquid.Tests", "NLiquid.Tests\NLiquid.Tests.csproj", "{74D533CF-BAF8-4D97-9D2E-3A1B1CC99F44}"
EndProject
Project("{FAE04EC0-301F-11D3-BF4B-00C04F79EFBC}") = "Models", "Models\Models.csproj", "{7300D30F-7BCD-492F-A224-FC9B02D141E3}"
EndProject
Global
	GlobalSection(SolutionConfigurationPlatforms) = preSolution
		Debug|Any CPU = Debug|Any CPU
		Release|Any CPU = Release|Any CPU
	EndGlobalSection
	GlobalSection(ProjectConfigurationPlatforms) = postSolution
		{389A86BE-7C04-4308-976A-A494AD187D83}.Debug|Any CPU.ActiveCfg = Debug|Any CPU
		{389A86BE-7C04-4308-976A-A494AD187D83}.Debug|Any CPU.Build.0 = Debug|Any CPU
		{389A86BE-7C04-4308-976A-A494AD187D83}.Release|Any CPU.ActiveCfg = Release|Any CPU
		{389A86BE-7C04-4308-976A-A494AD187D83}.Release|Any CPU.Build.0 = Release|Any CPU
		{74D533CF-BAF8-4D97-9D2E-3A1B1CC99F44}.Debug|Any CPU.ActiveCfg = Debug|Any CPU
		{74D533CF-BAF8-4D97-9D2E-3A1B1CC99F44}.Debug|Any CPU.Build.0 = Debug|Any CPU
		{74D533CF-BAF8-4D97-9D2E-3A1B1CC99F44}.Release|Any CPU.ActiveCfg = Release|Any CPU
		{74D533CF-BAF8-4D97-9D2E-3A1B1CC99F44}.Release|Any CPU.Build.0 = Release|Any CPU
		{7300D30F-7BCD-492F-A224-FC9B02D141E3}.Debug|Any CPU.ActiveCfg = Debug|Any CPU
		{7300D30F-7BCD-492F-A224-FC9B02D141E3}.Debug|Any CPU.Build.0 = Debug|Any CPU
		{7300D30F-7BCD-492F-A224-FC9B02D141E3}.Release|Any CPU.ActiveCfg = Release|Any CPU
		{7300D30F-7BCD-492F-A224-FC9B02D141E3}.Release|Any CPU.Build.0 = Release|Any CPU
	EndGlobalSection
	GlobalSection(SolutionProperties) = preSolution
		HideSolutionNode = FALSE
	EndGlobalSection
	GlobalSection(ExtensibilityGlobals) = postSolution
		SolutionGuid = {77BDD648-5EE7-4762-A3EE-868329AAFCA2}
	EndGlobalSection
EndGlobal
